
Microsoft Visual Studio Solution File, Format Version 12.00
# Visual Studio 15
VisualStudioVersion = 15.0.28010.2036
MinimumVisualStudioVersion = 10.0.40219.1
Project("{FAE04EC0-301F-11D3-BF4B-00C04F79EFBC}") = "LibraryManager", "LibraryManager\LibraryManager.csproj", "{856115D8-998D-4082-B1EA-608EFF4148EE}"
EndProject
Global
	GlobalSection(SolutionConfigurationPlatforms) = preSolution
		Debug|Any CPU = Debug|Any CPU
		Release|Any CPU = Release|Any CPU
	EndGlobalSection
	GlobalSection(ProjectConfigurationPlatforms) = postSolution
		{856115D8-998D-4082-B1EA-608EFF4148EE}.Debug|Any CPU.ActiveCfg = Debug|Any CPU
		{856115D8-998D-4082-B1EA-608EFF4148EE}.Debug|Any CPU.Build.0 = Debug|Any CPU
		{856115D8-998D-4082-B1EA-608EFF4148EE}.Release|Any CPU.ActiveCfg = Release|Any CPU
		{856115D8-998D-4082-B1EA-608EFF4148EE}.Release|Any CPU.Build.0 = Release|Any CPU
	EndGlobalSection
	GlobalSection(SolutionProperties) = preSolution
		HideSolutionNode = FALSE
	EndGlobalSection
	GlobalSection(ExtensibilityGlobals) = postSolution
		SolutionGuid = {00162863-839D-494E-BCA4-0168520CB23A}
	EndGlobalSection
EndGlobal
